
Microsoft Visual Studio Solution File, Format Version 12.00
# Visual Studio 15
VisualStudioVersion = 15.0.27428.2037
MinimumVisualStudioVersion = 10.0.40219.1
Project("{FAE04EC0-301F-11D3-BF4B-00C04F79EFBC}") = "AAL", "AAL\AAL.csproj", "{8A7BE545-CF51-4D0E-9A1A-68329F7A2EC6}"
EndProject
Global
	GlobalSection(SolutionConfigurationPlatforms) = preSolution
		Debug|Any CPU = Debug|Any CPU
		Release|Any CPU = Release|Any CPU
	EndGlobalSection
	GlobalSection(ProjectConfigurationPlatforms) = postSolution
		{8A7BE545-CF51-4D0E-9A1A-68329F7A2EC6}.Debug|Any CPU.ActiveCfg = Debug|Any CPU
		{8A7BE545-CF51-4D0E-9A1A-68329F7A2EC6}.Debug|Any CPU.Build.0 = Debug|Any CPU
		{8A7BE545-CF51-4D0E-9A1A-68329F7A2EC6}.Release|Any CPU.ActiveCfg = Release|Any CPU
		{8A7BE545-CF51-4D0E-9A1A-68329F7A2EC6}.Release|Any CPU.Build.0 = Release|Any CPU
	EndGlobalSection
	GlobalSection(SolutionProperties) = preSolution
		HideSolutionNode = FALSE
	EndGlobalSection
	GlobalSection(ExtensibilityGlobals) = postSolution
		SolutionGuid = {39B8C810-B48E-4A5A-AD51-EFC97DF145FE}
	EndGlobalSection
EndGlobal
